
Microsoft Visual Studio Solution File, Format Version 12.00
# Visual Studio Version 17
VisualStudioVersion = 17.7.34024.191
MinimumVisualStudioVersion = 10.0.40219.1
Project("{FAE04EC0-301F-11D3-BF4B-00C04F79EFBC}") = "Sol_Almacen.Presentacion", "Sol_Almacen.Presentacion\Sol_Almacen.Presentacion.csproj", "{2CBEB30E-0B03-45AC-B264-1BD08CF85612}"
EndProject
Global
	GlobalSection(SolutionConfigurationPlatforms) = preSolution
		Debug|Any CPU = Debug|Any CPU
		Release|Any CPU = Release|Any CPU
	EndGlobalSection
	GlobalSection(ProjectConfigurationPlatforms) = postSolution
		{2CBEB30E-0B03-45AC-B264-1BD08CF85612}.Debug|Any CPU.ActiveCfg = Debug|Any CPU
		{2CBEB30E-0B03-45AC-B264-1BD08CF85612}.Debug|Any CPU.Build.0 = Debug|Any CPU
		{2CBEB30E-0B03-45AC-B264-1BD08CF85612}.Release|Any CPU.ActiveCfg = Release|Any CPU
		{2CBEB30E-0B03-45AC-B264-1BD08CF85612}.Release|Any CPU.Build.0 = Release|Any CPU
	EndGlobalSection
	GlobalSection(SolutionProperties) = preSolution
		HideSolutionNode = FALSE
	EndGlobalSection
	GlobalSection(ExtensibilityGlobals) = postSolution
		SolutionGuid = {1F3F5084-E573-4D77-9192-645CDD49ED21}
	EndGlobalSection
EndGlobal
